{
  "name": "insight-api",
  "version": "1.0.3",
  "lockfileVersion": 1,
  "requires": true,
  "dependencies": {
    "@types/node": {
      "version": "11.11.6",
      "resolved": "https://registry.npmjs.org/@types/node/-/node-11.11.6.tgz",
      "integrity": "sha512-Exw4yUWMBXM3X+8oqzJNRqZSwUAaS4+7NdvHqQuFi/d+synz++xmX3QIf+BFqneW8N31R8Ky+sikfZUXq07ggQ=="
    },
    "btcp2p": {
      "version": "github:j4ys0n/btcp2p#3d07b61ea420982e1fef96dab535fc0e1e105049",
      "requires": {
        "@types/node": "11.11.6",
        "crypto-binary": "0.1.1"
      }
    },
    "crypto-binary": {
      "version": "0.1.1",
      "resolved": "https://registry.npmjs.org/crypto-binary/-/crypto-binary-0.1.1.tgz",
      "integrity": "sha1-OU9RuOp7970QnPhmxKy0OSGGgrA="
    }
  }
}
